
Microsoft Visual Studio Solution File, Format Version 12.00
# Visual Studio Version 16
VisualStudioVersion = 16.0.29509.3
MinimumVisualStudioVersion = 10.0.40219.1
Project("{9A19103F-16F7-4668-BE54-9A1E7A4F7556}") = "Restoran", "Restoran\Restoran.csproj", "{12107BF7-7CCB-4BD9-A41C-004550607CBB}"
EndProject
Project("{9A19103F-16F7-4668-BE54-9A1E7A4F7556}") = "BLL", "BLL\BLL.csproj", "{0F54585E-4171-4D9C-869E-1CBEFEB5653D}"
EndProject
Global
	GlobalSection(SolutionConfigurationPlatforms) = preSolution
		Debug|Any CPU = Debug|Any CPU
		Release|Any CPU = Release|Any CPU
	EndGlobalSection
	GlobalSection(ProjectConfigurationPlatforms) = postSolution
		{12107BF7-7CCB-4BD9-A41C-004550607CBB}.Debug|Any CPU.ActiveCfg = Debug|Any CPU
		{12107BF7-7CCB-4BD9-A41C-004550607CBB}.Debug|Any CPU.Build.0 = Debug|Any CPU
		{12107BF7-7CCB-4BD9-A41C-004550607CBB}.Release|Any CPU.ActiveCfg = Release|Any CPU
		{12107BF7-7CCB-4BD9-A41C-004550607CBB}.Release|Any CPU.Build.0 = Release|Any CPU
		{0F54585E-4171-4D9C-869E-1CBEFEB5653D}.Debug|Any CPU.ActiveCfg = Debug|Any CPU
		{0F54585E-4171-4D9C-869E-1CBEFEB5653D}.Debug|Any CPU.Build.0 = Debug|Any CPU
		{0F54585E-4171-4D9C-869E-1CBEFEB5653D}.Release|Any CPU.ActiveCfg = Release|Any CPU
		{0F54585E-4171-4D9C-869E-1CBEFEB5653D}.Release|Any CPU.Build.0 = Release|Any CPU
	EndGlobalSection
	GlobalSection(SolutionProperties) = preSolution
		HideSolutionNode = FALSE
	EndGlobalSection
	GlobalSection(ExtensibilityGlobals) = postSolution
		SolutionGuid = {EA93B966-826D-4B80-871F-961D4D5AE2A2}
	EndGlobalSection
EndGlobal
